
Microsoft Visual Studio Solution File, Format Version 12.00
# Visual Studio Version 17
VisualStudioVersion = 17.4.33027.239
MinimumVisualStudioVersion = 10.0.40219.1
Project("{9A19103F-16F7-4668-BE54-9A1E7A4F7556}") = "TeamServer", "TeamServer\TeamServer.csproj", "{2BD553DA-4023-4CC3-B929-25675DD4E061}"
EndProject
Project("{9A19103F-16F7-4668-BE54-9A1E7A4F7556}") = "SharpC2.API", "SharpC2.API\SharpC2.API.csproj", "{7E2EBC76-EBE7-4223-BAA6-06A2D3628EA4}"
EndProject
Project("{9A19103F-16F7-4668-BE54-9A1E7A4F7556}") = "Client", "Client\Client.csproj", "{2CD5C8C5-A67C-43E2-BEEB-F8C5E5008FB5}"
EndProject
Project("{FAE04EC0-301F-11D3-BF4B-00C04F79EFBC}") = "Drone", "Drone\Drone.csproj", "{91EA50CD-E8DF-4EDF-A765-75354643BD0D}"
EndProject
Project("{2150E333-8FDC-42A3-9474-1A3956D46DE8}") = "Stagers", "Stagers", "{4AB1F827-C520-42ED-8F0F-55AA159EE75F}"
EndProject
Project("{FAE04EC0-301F-11D3-BF4B-00C04F79EFBC}") = "ExeStager", "Stagers\ExeStager\ExeStager.csproj", "{629EE895-34A1-4B08-B031-1BC0FB01BBC0}"
EndProject
Project("{FAE04EC0-301F-11D3-BF4B-00C04F79EFBC}") = "SvcStager", "Stagers\SvcStager\SvcStager.csproj", "{87904247-C363-4F12-A13A-3DA484913F9E}"
EndProject
Global
	GlobalSection(SolutionConfigurationPlatforms) = preSolution
		Debug|Any CPU = Debug|Any CPU
		Release|Any CPU = Release|Any CPU
	EndGlobalSection
	GlobalSection(ProjectConfigurationPlatforms) = postSolution
		{2BD553DA-4023-4CC3-B929-25675DD4E061}.Debug|Any CPU.ActiveCfg = Debug|Any CPU
		{2BD553DA-4023-4CC3-B929-25675DD4E061}.Debug|Any CPU.Build.0 = Debug|Any CPU
		{2BD553DA-4023-4CC3-B929-25675DD4E061}.Release|Any CPU.ActiveCfg = Release|Any CPU
		{2BD553DA-4023-4CC3-B929-25675DD4E061}.Release|Any CPU.Build.0 = Release|Any CPU
		{7E2EBC76-EBE7-4223-BAA6-06A2D3628EA4}.Debug|Any CPU.ActiveCfg = Debug|Any CPU
		{7E2EBC76-EBE7-4223-BAA6-06A2D3628EA4}.Debug|Any CPU.Build.0 = Debug|Any CPU
		{7E2EBC76-EBE7-4223-BAA6-06A2D3628EA4}.Release|Any CPU.ActiveCfg = Release|Any CPU
		{7E2EBC76-EBE7-4223-BAA6-06A2D3628EA4}.Release|Any CPU.Build.0 = Release|Any CPU
		{2CD5C8C5-A67C-43E2-BEEB-F8C5E5008FB5}.Debug|Any CPU.ActiveCfg = Debug|Any CPU
		{2CD5C8C5-A67C-43E2-BEEB-F8C5E5008FB5}.Debug|Any CPU.Build.0 = Debug|Any CPU
		{2CD5C8C5-A67C-43E2-BEEB-F8C5E5008FB5}.Debug|Any CPU.Deploy.0 = Debug|Any CPU
		{2CD5C8C5-A67C-43E2-BEEB-F8C5E5008FB5}.Release|Any CPU.ActiveCfg = Release|Any CPU
		{2CD5C8C5-A67C-43E2-BEEB-F8C5E5008FB5}.Release|Any CPU.Build.0 = Release|Any CPU
		{2CD5C8C5-A67C-43E2-BEEB-F8C5E5008FB5}.Release|Any CPU.Deploy.0 = Release|Any CPU
		{91EA50CD-E8DF-4EDF-A765-75354643BD0D}.Debug|Any CPU.ActiveCfg = Debug|Any CPU
		{91EA50CD-E8DF-4EDF-A765-75354643BD0D}.Debug|Any CPU.Build.0 = Debug|Any CPU
		{91EA50CD-E8DF-4EDF-A765-75354643BD0D}.Release|Any CPU.ActiveCfg = Release|Any CPU
		{91EA50CD-E8DF-4EDF-A765-75354643BD0D}.Release|Any CPU.Build.0 = Release|Any CPU
		{629EE895-34A1-4B08-B031-1BC0FB01BBC0}.Debug|Any CPU.ActiveCfg = Debug|Any CPU
		{629EE895-34A1-4B08-B031-1BC0FB01BBC0}.Debug|Any CPU.Build.0 = Debug|Any CPU
		{629EE895-34A1-4B08-B031-1BC0FB01BBC0}.Release|Any CPU.ActiveCfg = Release|Any CPU
		{629EE895-34A1-4B08-B031-1BC0FB01BBC0}.Release|Any CPU.Build.0 = Release|Any CPU
		{87904247-C363-4F12-A13A-3DA484913F9E}.Debug|Any CPU.ActiveCfg = Debug|Any CPU
		{87904247-C363-4F12-A13A-3DA484913F9E}.Debug|Any CPU.Build.0 = Debug|Any CPU
		{87904247-C363-4F12-A13A-3DA484913F9E}.Release|Any CPU.ActiveCfg = Release|Any CPU
		{87904247-C363-4F12-A13A-3DA484913F9E}.Release|Any CPU.Build.0 = Release|Any CPU
	EndGlobalSection
	GlobalSection(SolutionProperties) = preSolution
		HideSolutionNode = FALSE
	EndGlobalSection
	GlobalSection(NestedProjects) = preSolution
		{629EE895-34A1-4B08-B031-1BC0FB01BBC0} = {4AB1F827-C520-42ED-8F0F-55AA159EE75F}
		{87904247-C363-4F12-A13A-3DA484913F9E} = {4AB1F827-C520-42ED-8F0F-55AA159EE75F}
	EndGlobalSection
	GlobalSection(ExtensibilityGlobals) = postSolution
		SolutionGuid = {E3043F1A-6828-4B83-91D0-B0634138A7EF}
	EndGlobalSection
EndGlobal
